// !$*UTF8*$!
{
	archiveVersion = 1;
	classes = {
	};
	objectVersion = 50;
	objects = {

/* Begin PBXBuildFile section */
		3A3536202521C9990055DC3B /* PostManagerTests.swift in Sources */ = {isa = PBXBuildFile; fileRef = 3A35361F2521C9990055DC3B /* PostManagerTests.swift */; };
		3A3536262522142B0055DC3B /* APIRequestLoader.swift in Sources */ = {isa = PBXBuildFile; fileRef = 3A3536252522142B0055DC3B /* APIRequestLoader.swift */; };
		3A85770E2518897D00CB53ED /* AppDelegate.swift in Sources */ = {isa = PBXBuildFile; fileRef = 3A85770D2518897D00CB53ED /* AppDelegate.swift */; };
		3A8577102518897D00CB53ED /* SceneDelegate.swift in Sources */ = {isa = PBXBuildFile; fileRef = 3A85770F2518897D00CB53ED /* SceneDelegate.swift */; };
		3A8577152518897D00CB53ED /* Main.storyboard in Resources */ = {isa = PBXBuildFile; fileRef = 3A8577132518897D00CB53ED /* Main.storyboard */; };
		3A8577172518897E00CB53ED /* Assets.xcassets in Resources */ = {isa = PBXBuildFile; fileRef = 3A8577162518897E00CB53ED /* Assets.xcassets */; };
		3A85771A2518897E00CB53ED /* LaunchScreen.storyboard in Resources */ = {isa = PBXBuildFile; fileRef = 3A8577182518897E00CB53ED /* LaunchScreen.storyboard */; };
		3A8577252518897E00CB53ED /* ThePostsTests.swift in Sources */ = {isa = PBXBuildFile; fileRef = 3A8577242518897E00CB53ED /* ThePostsTests.swift */; };
		3A85773425188A4B00CB53ED /* DetailViewController.swift in Sources */ = {isa = PBXBuildFile; fileRef = 3A85773325188A4B00CB53ED /* DetailViewController.swift */; };
		3A85773625188CD200CB53ED /* PostsViewController.swift in Sources */ = {isa = PBXBuildFile; fileRef = 3A85773525188CD200CB53ED /* PostsViewController.swift */; };
		3A85773A2518A0AF00CB53ED /* PostData.swift in Sources */ = {isa = PBXBuildFile; fileRef = 3A8577392518A0AF00CB53ED /* PostData.swift */; };
		3A85773C2518C46600CB53ED /* PostManager.swift in Sources */ = {isa = PBXBuildFile; fileRef = 3A85773B2518C46600CB53ED /* PostManager.swift */; };
		3A85773E2518C53300CB53ED /* PostModel.swift in Sources */ = {isa = PBXBuildFile; fileRef = 3A85773D2518C53300CB53ED /* PostModel.swift */; };
		3A8577412518C56D00CB53ED /* PostTableViewCell.swift in Sources */ = {isa = PBXBuildFile; fileRef = 3A85773F2518C56D00CB53ED /* PostTableViewCell.swift */; };
		3A8577422518C56D00CB53ED /* PostTableViewCell.xib in Resources */ = {isa = PBXBuildFile; fileRef = 3A8577402518C56D00CB53ED /* PostTableViewCell.xib */; };
		3A898FCB251F342D008AB53B /* K.swift in Sources */ = {isa = PBXBuildFile; fileRef = 3A898FCA251F342D008AB53B /* K.swift */; };
/* End PBXBuildFile section */

/* Begin PBXContainerItemProxy section */
		3A8577212518897E00CB53ED /* PBXContainerItemProxy */ = {
			isa = PBXContainerItemProxy;
			containerPortal = 3A8577022518897D00CB53ED /* Project object */;
			proxyType = 1;
			remoteGlobalIDString = 3A8577092518897D00CB53ED;
			remoteInfo = ThePosts;
		};
/* End PBXContainerItemProxy section */

/* Begin PBXFileReference section */
		3A35361F2521C9990055DC3B /* PostManagerTests.swift */ = {isa = PBXFileReference; lastKnownFileType = sourcecode.swift; path = PostManagerTests.swift; sourceTree = "<group>"; };
		3A3536252522142B0055DC3B /* APIRequestLoader.swift */ = {isa = PBXFileReference; lastKnownFileType = sourcecode.swift; path = APIRequestLoader.swift; sourceTree = "<group>"; };
		3A85770A2518897D00CB53ED /* ThePosts.app */ = {isa = PBXFileReference; explicitFileType = wrapper.application; includeInIndex = 0; path = ThePosts.app; sourceTree = BUILT_PRODUCTS_DIR; };
		3A85770D2518897D00CB53ED /* AppDelegate.swift */ = {isa = PBXFileReference; lastKnownFileType = sourcecode.swift; path = AppDelegate.swift; sourceTree = "<group>"; };
		3A85770F2518897D00CB53ED /* SceneDelegate.swift */ = {isa = PBXFileReference; lastKnownFileType = sourcecode.swift; path = SceneDelegate.swift; sourceTree = "<group>"; };
		3A8577142518897D00CB53ED /* Base */ = {isa = PBXFileReference; lastKnownFileType = file.storyboard; name = Base; path = Base.lproj/Main.storyboard; sourceTree = "<group>"; };
		3A8577162518897E00CB53ED /* Assets.xcassets */ = {isa = PBXFileReference; lastKnownFileType = folder.assetcatalog; path = Assets.xcassets; sourceTree = "<group>"; };
		3A8577192518897E00CB53ED /* Base */ = {isa = PBXFileReference; lastKnownFileType = file.storyboard; name = Base; path = Base.lproj/LaunchScreen.storyboard; sourceTree = "<group>"; };
		3A85771B2518897E00CB53ED /* Info.plist */ = {isa = PBXFileReference; lastKnownFileType = text.plist.xml; path = Info.plist; sourceTree = "<group>"; };
		3A8577202518897E00CB53ED /* ThePostsTests.xctest */ = {isa = PBXFileReference; explicitFileType = wrapper.cfbundle; includeInIndex = 0; path = ThePostsTests.xctest; sourceTree = BUILT_PRODUCTS_DIR; };
		3A8577242518897E00CB53ED /* ThePostsTests.swift */ = {isa = PBXFileReference; lastKnownFileType = sourcecode.swift; path = ThePostsTests.swift; sourceTree = "<group>"; };
		3A8577262518897E00CB53ED /* Info.plist */ = {isa = PBXFileReference; lastKnownFileType = text.plist.xml; path = Info.plist; sourceTree = "<group>"; };
		3A85773325188A4B00CB53ED /* DetailViewController.swift */ = {isa = PBXFileReference; lastKnownFileType = sourcecode.swift; path = DetailViewController.swift; sourceTree = "<group>"; };
		3A85773525188CD200CB53ED /* PostsViewController.swift */ = {isa = PBXFileReference; lastKnownFileType = sourcecode.swift; path = PostsViewController.swift; sourceTree = "<group>"; };
		3A8577392518A0AF00CB53ED /* PostData.swift */ = {isa = PBXFileReference; lastKnownFileType = sourcecode.swift; path = PostData.swift; sourceTree = "<group>"; };
		3A85773B2518C46600CB53ED /* PostManager.swift */ = {isa = PBXFileReference; lastKnownFileType = sourcecode.swift; path = PostManager.swift; sourceTree = "<group>"; };
		3A85773D2518C53300CB53ED /* PostModel.swift */ = {isa = PBXFileReference; lastKnownFileType = sourcecode.swift; path = PostModel.swift; sourceTree = "<group>"; };
		3A85773F2518C56D00CB53ED /* PostTableViewCell.swift */ = {isa = PBXFileReference; lastKnownFileType = sourcecode.swift; path = PostTableViewCell.swift; sourceTree = "<group>"; };
		3A8577402518C56D00CB53ED /* PostTableViewCell.xib */ = {isa = PBXFileReference; lastKnownFileType = file.xib; path = PostTableViewCell.xib; sourceTree = "<group>"; };
		3A898FCA251F342D008AB53B /* K.swift */ = {isa = PBXFileReference; lastKnownFileType = sourcecode.swift; path = K.swift; sourceTree = "<group>"; };
/* End PBXFileReference section */

/* Begin PBXFrameworksBuildPhase section */
		3A8577072518897D00CB53ED /* Frameworks */ = {
			isa = PBXFrameworksBuildPhase;
			buildActionMask = 2147483647;
			files = (
			);
			runOnlyForDeploymentPostprocessing = 0;
		};
		3A85771D2518897E00CB53ED /* Frameworks */ = {
			isa = PBXFrameworksBuildPhase;
			buildActionMask = 2147483647;
			files = (
			);
			runOnlyForDeploymentPostprocessing = 0;
		};
/* End PBXFrameworksBuildPhase section */

/* Begin PBXGroup section */
		3A8577012518897D00CB53ED = {
			isa = PBXGroup;
			children = (
				3A85770C2518897D00CB53ED /* ThePosts */,
				3A8577232518897E00CB53ED /* ThePostsTests */,
				3A85770B2518897D00CB53ED /* Products */,
			);
			sourceTree = "<group>";
		};
		3A85770B2518897D00CB53ED /* Products */ = {
			isa = PBXGroup;
			children = (
				3A85770A2518897D00CB53ED /* ThePosts.app */,
				3A8577202518897E00CB53ED /* ThePostsTests.xctest */,
			);
			name = Products;
			sourceTree = "<group>";
		};
		3A85770C2518897D00CB53ED /* ThePosts */ = {
			isa = PBXGroup;
			children = (
				3A857743251CA28900CB53ED /* Networking */,
				3A85773125188A0E00CB53ED /* Model */,
				3A898FC9251F33FA008AB53B /* View */,
				3A85773225188A2500CB53ED /* Controller */,
				3A898FCA251F342D008AB53B /* K.swift */,
				3A85770D2518897D00CB53ED /* AppDelegate.swift */,
				3A85770F2518897D00CB53ED /* SceneDelegate.swift */,
				3A8577162518897E00CB53ED /* Assets.xcassets */,
				3A8577182518897E00CB53ED /* LaunchScreen.storyboard */,
				3A85771B2518897E00CB53ED /* Info.plist */,
			);
			path = ThePosts;
			sourceTree = "<group>";
		};
		3A8577232518897E00CB53ED /* ThePostsTests */ = {
			isa = PBXGroup;
			children = (
				3A8577242518897E00CB53ED /* ThePostsTests.swift */,
				3A8577262518897E00CB53ED /* Info.plist */,
				3A35361F2521C9990055DC3B /* PostManagerTests.swift */,
			);
			path = ThePostsTests;
			sourceTree = "<group>";
		};
		3A85773125188A0E00CB53ED /* Model */ = {
			isa = PBXGroup;
			children = (
				3A85773D2518C53300CB53ED /* PostModel.swift */,
			);
			path = Model;
			sourceTree = "<group>";
		};
		3A85773225188A2500CB53ED /* Controller */ = {
			isa = PBXGroup;
			children = (
				3A85773525188CD200CB53ED /* PostsViewController.swift */,
				3A85773325188A4B00CB53ED /* DetailViewController.swift */,
			);
			path = Controller;
			sourceTree = "<group>";
		};
		3A857743251CA28900CB53ED /* Networking */ = {
			isa = PBXGroup;
			children = (
				3A8577392518A0AF00CB53ED /* PostData.swift */,
				3A85773B2518C46600CB53ED /* PostManager.swift */,
				3A3536252522142B0055DC3B /* APIRequestLoader.swift */,
			);
			path = Networking;
			sourceTree = "<group>";
		};
		3A898FC9251F33FA008AB53B /* View */ = {
			isa = PBXGroup;
			children = (
				3A8577132518897D00CB53ED /* Main.storyboard */,
				3A8577402518C56D00CB53ED /* PostTableViewCell.xib */,
				3A85773F2518C56D00CB53ED /* PostTableViewCell.swift */,
			);
			path = View;
			sourceTree = "<group>";
		};
/* End PBXGroup section */

/* Begin PBXNativeTarget section */
		3A8577092518897D00CB53ED /* ThePosts */ = {
			isa = PBXNativeTarget;
			buildConfigurationList = 3A8577292518897E00CB53ED /* Build configuration list for PBXNativeTarget "ThePosts" */;
			buildPhases = (
				3A8577062518897D00CB53ED /* Sources */,
				3A8577072518897D00CB53ED /* Frameworks */,
				3A8577082518897D00CB53ED /* Resources */,
			);
			buildRules = (
			);
			dependencies = (
			);
			name = ThePosts;
			productName = ThePosts;
			productReference = 3A85770A2518897D00CB53ED /* ThePosts.app */;
			productType = "com.apple.product-type.application";
		};
		3A85771F2518897E00CB53ED /* ThePostsTests */ = {
			isa = PBXNativeTarget;
			buildConfigurationList = 3A85772C2518897E00CB53ED /* Build configuration list for PBXNativeTarget "ThePostsTests" */;
			buildPhases = (
				3A85771C2518897E00CB53ED /* Sources */,
				3A85771D2518897E00CB53ED /* Frameworks */,
				3A85771E2518897E00CB53ED /* Resources */,
			);
			buildRules = (
			);
			dependencies = (
				3A8577222518897E00CB53ED /* PBXTargetDependency */,
			);
			name = ThePostsTests;
			productName = ThePostsTests;
			productReference = 3A8577202518897E00CB53ED /* ThePostsTests.xctest */;
			productType = "com.apple.product-type.bundle.unit-test";
		};
/* End PBXNativeTarget section */

/* Begin PBXProject section */
		3A8577022518897D00CB53ED /* Project object */ = {
			isa = PBXProject;
			attributes = {
				LastSwiftUpdateCheck = 1120;
				LastUpgradeCheck = 1120;
				ORGANIZATIONNAME = "Anton Agafonov";
				TargetAttributes = {
					3A8577092518897D00CB53ED = {
						CreatedOnToolsVersion = 11.2.1;
					};
					3A85771F2518897E00CB53ED = {
						CreatedOnToolsVersion = 11.2.1;
						TestTargetID = 3A8577092518897D00CB53ED;
					};
				};
			};
			buildConfigurationList = 3A8577052518897D00CB53ED /* Build configuration list for PBXProject "ThePosts" */;
			compatibilityVersion = "Xcode 9.3";
			developmentRegion = en;
			hasScannedForEncodings = 0;
			knownRegions = (
				en,
				Base,
			);
			mainGroup = 3A8577012518897D00CB53ED;
			productRefGroup = 3A85770B2518897D00CB53ED /* Products */;
			projectDirPath = "";
			projectRoot = "";
			targets = (
				3A8577092518897D00CB53ED /* ThePosts */,
				3A85771F2518897E00CB53ED /* ThePostsTests */,
			);
		};
/* End PBXProject section */

/* Begin PBXResourcesBuildPhase section */
		3A8577082518897D00CB53ED /* Resources */ = {
			isa = PBXResourcesBuildPhase;
			buildActionMask = 2147483647;
			files = (
				3A85771A2518897E00CB53ED /* LaunchScreen.storyboard in Resources */,
				3A8577172518897E00CB53ED /* Assets.xcassets in Resources */,
				3A8577152518897D00CB53ED /* Main.storyboard in Resources */,
				3A8577422518C56D00CB53ED /* PostTableViewCell.xib in Resources */,
			);
			runOnlyForDeploymentPostprocessing = 0;
		};
		3A85771E2518897E00CB53ED /* Resources */ = {
			isa = PBXResourcesBuildPhase;
			buildActionMask = 2147483647;
			files = (
			);
			runOnlyForDeploymentPostprocessing = 0;
		};
/* End PBXResourcesBuildPhase section */

/* Begin PBXSourcesBuildPhase section */
		3A8577062518897D00CB53ED /* Sources */ = {
			isa = PBXSourcesBuildPhase;
			buildActionMask = 2147483647;
			files = (
				3A898FCB251F342D008AB53B /* K.swift in Sources */,
				3A85773A2518A0AF00CB53ED /* PostData.swift in Sources */,
				3A85773625188CD200CB53ED /* PostsViewController.swift in Sources */,
				3A85770E2518897D00CB53ED /* AppDelegate.swift in Sources */,
				3A8577412518C56D00CB53ED /* PostTableViewCell.swift in Sources */,
				3A85773E2518C53300CB53ED /* PostModel.swift in Sources */,
				3A8577102518897D00CB53ED /* SceneDelegate.swift in Sources */,
				3A85773425188A4B00CB53ED /* DetailViewController.swift in Sources */,
				3A85773C2518C46600CB53ED /* PostManager.swift in Sources */,
				3A3536262522142B0055DC3B /* APIRequestLoader.swift in Sources */,
			);
			runOnlyForDeploymentPostprocessing = 0;
		};
		3A85771C2518897E00CB53ED /* Sources */ = {
			isa = PBXSourcesBuildPhase;
			buildActionMask = 2147483647;
			files = (
				3A8577252518897E00CB53ED /* ThePostsTests.swift in Sources */,
				3A3536202521C9990055DC3B /* PostManagerTests.swift in Sources */,
			);
			runOnlyForDeploymentPostprocessing = 0;
		};
/* End PBXSourcesBuildPhase section */

/* Begin PBXTargetDependency section */
		3A8577222518897E00CB53ED /* PBXTargetDependency */ = {
			isa = PBXTargetDependency;
			target = 3A8577092518897D00CB53ED /* ThePosts */;
			targetProxy = 3A8577212518897E00CB53ED /* PBXContainerItemProxy */;
		};
/* End PBXTargetDependency section */

/* Begin PBXVariantGroup section */
		3A8577132518897D00CB53ED /* Main.storyboard */ = {
			isa = PBXVariantGroup;
			children = (
				3A8577142518897D00CB53ED /* Base */,
			);
			name = Main.storyboard;
			sourceTree = "<group>";
		};
		3A8577182518897E00CB53ED /* LaunchScreen.storyboard */ = {
			isa = PBXVariantGroup;
			children = (
				3A8577192518897E00CB53ED /* Base */,
			);
			name = LaunchScreen.storyboard;
			sourceTree = "<group>";
		};
/* End PBXVariantGroup section */

/* Begin XCBuildConfiguration section */
		3A8577272518897E00CB53ED /* Debug */ = {
			isa = XCBuildConfiguration;
			buildSettings = {
				ALWAYS_SEARCH_USER_PATHS = NO;
				CLANG_ANALYZER_NONNULL = YES;
				CLANG_ANALYZER_NUMBER_OBJECT_CONVERSION = YES_AGGRESSIVE;
				CLANG_CXX_LANGUAGE_STANDARD = "gnu++14";
				CLANG_CXX_LIBRARY = "libc++";
				CLANG_ENABLE_MODULES = YES;
				CLANG_ENABLE_OBJC_ARC = YES;
				CLANG_ENABLE_OBJC_WEAK = YES;
				CLANG_WARN_BLOCK_CAPTURE_AUTORELEASING = YES;
				CLANG_WARN_BOOL_CONVERSION = YES;
				CLANG_WARN_COMMA = YES;
				CLANG_WARN_CONSTANT_CONVERSION = YES;
				CLANG_WARN_DEPRECATED_OBJC_IMPLEMENTATIONS = YES;
				CLANG_WARN_DIRECT_OBJC_ISA_USAGE = YES_ERROR;
				CLANG_WARN_DOCUMENTATION_COMMENTS = YES;
				CLANG_WARN_EMPTY_BODY = YES;
				CLANG_WARN_ENUM_CONVERSION = YES;
				CLANG_WARN_INFINITE_RECURSION = YES;
				CLANG_WARN_INT_CONVERSION = YES;
				CLANG_WARN_NON_LITERAL_NULL_CONVERSION = YES;
				CLANG_WARN_OBJC_IMPLICIT_RETAIN_SELF = YES;
				CLANG_WARN_OBJC_LITERAL_CONVERSION = YES;
				CLANG_WARN_OBJC_ROOT_CLASS = YES_ERROR;
				CLANG_WARN_RANGE_LOOP_ANALYSIS = YES;
				CLANG_WARN_STRICT_PROTOTYPES = YES;
				CLANG_WARN_SUSPICIOUS_MOVE = YES;
				CLANG_WARN_UNGUARDED_AVAILABILITY = YES_AGGRESSIVE;
				CLANG_WARN_UNREACHABLE_CODE = YES;
				CLANG_WARN__DUPLICATE_METHOD_MATCH = YES;
				COPY_PHASE_STRIP = NO;
				DEBUG_INFORMATION_FORMAT = dwarf;
				ENABLE_STRICT_OBJC_MSGSEND = YES;
				ENABLE_TESTABILITY = YES;
				GCC_C_LANGUAGE_STANDARD = gnu11;
				GCC_DYNAMIC_NO_PIC = NO;
				GCC_NO_COMMON_BLOCKS = YES;
				GCC_OPTIMIZATION_LEVEL = 0;
				GCC_PREPROCESSOR_DEFINITIONS = (
					"DEBUG=1",
					"$(inherited)",
				);
				GCC_WARN_64_TO_32_BIT_CONVERSION = YES;
				GCC_WARN_ABOUT_RETURN_TYPE = YES_ERROR;
				GCC_WARN_UNDECLARED_SELECTOR = YES;
				GCC_WARN_UNINITIALIZED_AUTOS = YES_AGGRESSIVE;
				GCC_WARN_UNUSED_FUNCTION = YES;
				GCC_WARN_UNUSED_VARIABLE = YES;
				IPHONEOS_DEPLOYMENT_TARGET = 13.2;
				MTL_ENABLE_DEBUG_INFO = INCLUDE_SOURCE;
				MTL_FAST_MATH = YES;
				ONLY_ACTIVE_ARCH = YES;
				SDKROOT = iphoneos;
				SWIFT_ACTIVE_COMPILATION_CONDITIONS = DEBUG;
				SWIFT_OPTIMIZATION_LEVEL = "-Onone";
			};
			name = Debug;
		};
		3A8577282518897E00CB53ED /* Release */ = {
			isa = XCBuildConfiguration;
			buildSettings = {
				ALWAYS_SEARCH_USER_PATHS = NO;
				CLANG_ANALYZER_NONNULL = YES;
				CLANG_ANALYZER_NUMBER_OBJECT_CONVERSION = YES_AGGRESSIVE;
				CLANG_CXX_LANGUAGE_STANDARD = "gnu++14";
				CLANG_CXX_LIBRARY = "libc++";
				CLANG_ENABLE_MODULES = YES;
				CLANG_ENABLE_OBJC_ARC = YES;
				CLANG_ENABLE_OBJC_WEAK = YES;
				CLANG_WARN_BLOCK_CAPTURE_AUTORELEASING = YES;
				CLANG_WARN_BOOL_CONVERSION = YES;
				CLANG_WARN_COMMA = YES;
				CLANG_WARN_CONSTANT_CONVERSION = YES;
				CLANG_WARN_DEPRECATED_OBJC_IMPLEMENTATIONS = YES;
				CLANG_WARN_DIRECT_OBJC_ISA_USAGE = YES_ERROR;
				CLANG_WARN_DOCUMENTATION_COMMENTS = YES;
				CLANG_WARN_EMPTY_BODY = YES;
				CLANG_WARN_ENUM_CONVERSION = YES;
				CLANG_WARN_INFINITE_RECURSION = YES;
				CLANG_WARN_INT_CONVERSION = YES;
				CLANG_WARN_NON_LITERAL_NULL_CONVERSION = YES;
				CLANG_WARN_OBJC_IMPLICIT_RETAIN_SELF = YES;
				CLANG_WARN_OBJC_LITERAL_CONVERSION = YES;
				CLANG_WARN_OBJC_ROOT_CLASS = YES_ERROR;
				CLANG_WARN_RANGE_LOOP_ANALYSIS = YES;
				CLANG_WARN_STRICT_PROTOTYPES = YES;
				CLANG_WARN_SUSPICIOUS_MOVE = YES;
				CLANG_WARN_UNGUARDED_AVAILABILITY = YES_AGGRESSIVE;
				CLANG_WARN_UNREACHABLE_CODE = YES;
				CLANG_WARN__DUPLICATE_METHOD_MATCH = YES;
				COPY_PHASE_STRIP = NO;
				DEBUG_INFORMATION_FORMAT = "dwarf-with-dsym";
				ENABLE_NS_ASSERTIONS = NO;
				ENABLE_STRICT_OBJC_MSGSEND = YES;
				GCC_C_LANGUAGE_STANDARD = gnu11;
				GCC_NO_COMMON_BLOCKS = YES;
				GCC_WARN_64_TO_32_BIT_CONVERSION = YES;
				GCC_WARN_ABOUT_RETURN_TYPE = YES_ERROR;
				GCC_WARN_UNDECLARED_SELECTOR = YES;
				GCC_WARN_UNINITIALIZED_AUTOS = YES_AGGRESSIVE;
				GCC_WARN_UNUSED_FUNCTION = YES;
				GCC_WARN_UNUSED_VARIABLE = YES;
				IPHONEOS_DEPLOYMENT_TARGET = 13.2;
				MTL_ENABLE_DEBUG_INFO = NO;
				MTL_FAST_MATH = YES;
				SDKROOT = iphoneos;
				SWIFT_COMPILATION_MODE = wholemodule;
				SWIFT_OPTIMIZATION_LEVEL = "-O";
				VALIDATE_PRODUCT = YES;
			};
			name = Release;
		};
		3A85772A2518897E00CB53ED /* Debug */ = {
			isa = XCBuildConfiguration;
			buildSettings = {
				ASSETCATALOG_COMPILER_APPICON_NAME = AppIcon;
				CODE_SIGN_STYLE = Automatic;
				DEVELOPMENT_TEAM = 836DR8655U;
				INFOPLIST_FILE = ThePosts/Info.plist;
				LD_RUNPATH_SEARCH_PATHS = (
					"$(inherited)",
					"@executable_path/Frameworks",
				);
				PRODUCT_BUNDLE_IDENTIFIER = AA.ThePosts;
				PRODUCT_NAME = "$(TARGET_NAME)";
				SWIFT_VERSION = 5.0;
				TARGETED_DEVICE_FAMILY = "1,2";
			};
			name = Debug;
		};
		3A85772B2518897E00CB53ED /* Release */ = {
			isa = XCBuildConfiguration;
			buildSettings = {
				ASSETCATALOG_COMPILER_APPICON_NAME = AppIcon;
				CODE_SIGN_STYLE = Automatic;
				DEVELOPMENT_TEAM = 836DR8655U;
				INFOPLIST_FILE = ThePosts/Info.plist;
				LD_RUNPATH_SEARCH_PATHS = (
					"$(inherited)",
					"@executable_path/Frameworks",
				);
				PRODUCT_BUNDLE_IDENTIFIER = AA.ThePosts;
				PRODUCT_NAME = "$(TARGET_NAME)";
				SWIFT_VERSION = 5.0;
				TARGETED_DEVICE_FAMILY = "1,2";
			};
			name = Release;
		};
		3A85772D2518897E00CB53ED /* Debug */ = {
			isa = XCBuildConfiguration;
			buildSettings = {
				ALWAYS_EMBED_SWIFT_STANDARD_LIBRARIES = YES;
				BUNDLE_LOADER = "$(TEST_HOST)";
				CODE_SIGN_STYLE = Automatic;
				DEVELOPMENT_TEAM = 836DR8655U;
				INFOPLIST_FILE = ThePostsTests/Info.plist;
				IPHONEOS_DEPLOYMENT_TARGET = 13.2;
				LD_RUNPATH_SEARCH_PATHS = (
					"$(inherited)",
					"@executable_path/Frameworks",
					"@loader_path/Frameworks",
				);
				PRODUCT_BUNDLE_IDENTIFIER = AA.ThePostsTests;
				PRODUCT_NAME = "$(TARGET_NAME)";
				SWIFT_VERSION = 5.0;
				TARGETED_DEVICE_FAMILY = "1,2";
				TEST_HOST = "$(BUILT_PRODUCTS_DIR)/ThePosts.app/ThePosts";
			};
			name = Debug;
		};
		3A85772E2518897E00CB53ED /* Release */ = {
			isa = XCBuildConfiguration;
			buildSettings = {
				ALWAYS_EMBED_SWIFT_STANDARD_LIBRARIES = YES;
				BUNDLE_LOADER = "$(TEST_HOST)";
				CODE_SIGN_STYLE = Automatic;
				DEVELOPMENT_TEAM = 836DR8655U;
				INFOPLIST_FILE = ThePostsTests/Info.plist;
				IPHONEOS_DEPLOYMENT_TARGET = 13.2;
				LD_RUNPATH_SEARCH_PATHS = (
					"$(inherited)",
					"@executable_path/Frameworks",
					"@loader_path/Frameworks",
				);
				PRODUCT_BUNDLE_IDENTIFIER = AA.ThePostsTests;
				PRODUCT_NAME = "$(TARGET_NAME)";
				SWIFT_VERSION = 5.0;
				TARGETED_DEVICE_FAMILY = "1,2";
				TEST_HOST = "$(BUILT_PRODUCTS_DIR)/ThePosts.app/ThePosts";
			};
			name = Release;
		};
/* End XCBuildConfiguration section */

/* Begin XCConfigurationList section */
		3A8577052518897D00CB53ED /* Build configuration list for PBXProject "ThePosts" */ = {
			isa = XCConfigurationList;
			buildConfigurations = (
				3A8577272518897E00CB53ED /* Debug */,
				3A8577282518897E00CB53ED /* Release */,
			);
			defaultConfigurationIsVisible = 0;
			defaultConfigurationName = Release;
		};
		3A8577292518897E00CB53ED /* Build configuration list for PBXNativeTarget "ThePosts" */ = {
			isa = XCConfigurationList;
			buildConfigurations = (
				3A85772A2518897E00CB53ED /* Debug */,
				3A85772B2518897E00CB53ED /* Release */,
			);
			defaultConfigurationIsVisible = 0;
			defaultConfigurationName = Release;
		};
		3A85772C2518897E00CB53ED /* Build configuration list for PBXNativeTarget "ThePostsTests" */ = {
			isa = XCConfigurationList;
			buildConfigurations = (
				3A85772D2518897E00CB53ED /* Debug */,
				3A85772E2518897E00CB53ED /* Release */,
			);
			defaultConfigurationIsVisible = 0;
			defaultConfigurationName = Release;
		};
/* End XCConfigurationList section */
	};
	rootObject = 3A8577022518897D00CB53ED /* Project object */;
}
